// !$*UTF8*$!
{
	archiveVersion = 1;
	classes = {
	};
	objectVersion = 46;
	objects = {

/* Begin PBXBuildFile section */
		3355D56A18EF482000FFC3E6 /* Foundation.framework in Frameworks */ = {isa = PBXBuildFile; fileRef = 3355D56918EF482000FFC3E6 /* Foundation.framework */; };
		3355D56C18EF482000FFC3E6 /* CoreGraphics.framework in Frameworks */ = {isa = PBXBuildFile; fileRef = 3355D56B18EF482000FFC3E6 /* CoreGraphics.framework */; };
		3355D56E18EF482000FFC3E6 /* UIKit.framework in Frameworks */ = {isa = PBXBuildFile; fileRef = 3355D56D18EF482000FFC3E6 /* UIKit.framework */; };
		3355D57418EF482000FFC3E6 /* InfoPlist.strings in Resources */ = {isa = PBXBuildFile; fileRef = 3355D57218EF482000FFC3E6 /* InfoPlist.strings */; };
		3355D57618EF482000FFC3E6 /* main.m in Sources */ = {isa = PBXBuildFile; fileRef = 3355D57518EF482000FFC3E6 /* main.m */; };
		3355D57A18EF482000FFC3E6 /* AppDelegate.m in Sources */ = {isa = PBXBuildFile; fileRef = 3355D57918EF482000FFC3E6 /* AppDelegate.m */; };
		3355D57C18EF482000FFC3E6 /* Images.xcassets in Resources */ = {isa = PBXBuildFile; fileRef = 3355D57B18EF482000FFC3E6 /* Images.xcassets */; };
		3355D58318EF482000FFC3E6 /* XCTest.framework in Frameworks */ = {isa = PBXBuildFile; fileRef = 3355D58218EF482000FFC3E6 /* XCTest.framework */; };
		3355D58418EF482000FFC3E6 /* Foundation.framework in Frameworks */ = {isa = PBXBuildFile; fileRef = 3355D56918EF482000FFC3E6 /* Foundation.framework */; };
		3355D58518EF482000FFC3E6 /* UIKit.framework in Frameworks */ = {isa = PBXBuildFile; fileRef = 3355D56D18EF482000FFC3E6 /* UIKit.framework */; };
		3355D58D18EF482000FFC3E6 /* InfoPlist.strings in Resources */ = {isa = PBXBuildFile; fileRef = 3355D58B18EF482000FFC3E6 /* InfoPlist.strings */; };
		3355D58F18EF482000FFC3E6 /* FBWeek2NibTests.m in Sources */ = {isa = PBXBuildFile; fileRef = 3355D58E18EF482000FFC3E6 /* FBWeek2NibTests.m */; };
		3355D59B18EF486100FFC3E6 /* LoginViewController.m in Sources */ = {isa = PBXBuildFile; fileRef = 3355D59918EF486100FFC3E6 /* LoginViewController.m */; };
		3355D59C18EF486100FFC3E6 /* LoginViewController.xib in Resources */ = {isa = PBXBuildFile; fileRef = 3355D59A18EF486100FFC3E6 /* LoginViewController.xib */; };
		33E35E0418F0D2CB00AABF5F /* FeedViewController.m in Sources */ = {isa = PBXBuildFile; fileRef = 33E35E0218F0D2CB00AABF5F /* FeedViewController.m */; };
		33E35E0518F0D2CB00AABF5F /* FeedViewController.xib in Resources */ = {isa = PBXBuildFile; fileRef = 33E35E0318F0D2CB00AABF5F /* FeedViewController.xib */; };
		33E35E0918F3425300AABF5F /* ModalViewController.m in Sources */ = {isa = PBXBuildFile; fileRef = 33E35E0718F3425300AABF5F /* ModalViewController.m */; };
		33E35E0A18F3425300AABF5F /* ModalViewController.xib in Resources */ = {isa = PBXBuildFile; fileRef = 33E35E0818F3425300AABF5F /* ModalViewController.xib */; };
		33E35E0E18F35A2B00AABF5F /* ProfileViewController.m in Sources */ = {isa = PBXBuildFile; fileRef = 33E35E0C18F35A2B00AABF5F /* ProfileViewController.m */; };
		33E35E0F18F35A2B00AABF5F /* ProfileViewController.xib in Resources */ = {isa = PBXBuildFile; fileRef = 33E35E0D18F35A2B00AABF5F /* ProfileViewController.xib */; };
/* End PBXBuildFile section */

/* Begin PBXContainerItemProxy section */
		3355D58618EF482000FFC3E6 /* PBXContainerItemProxy */ = {
			isa = PBXContainerItemProxy;
			containerPortal = 3355D55E18EF482000FFC3E6 /* Project object */;
			proxyType = 1;
			remoteGlobalIDString = 3355D56518EF482000FFC3E6;
			remoteInfo = FBWeek2Nib;
		};
/* End PBXContainerItemProxy section */

/* Begin PBXFileReference section */
		3355D56618EF482000FFC3E6 /* FBWeek2Nib.app */ = {isa = PBXFileReference; explicitFileType = wrapper.application; includeInIndex = 0; path = FBWeek2Nib.app; sourceTree = BUILT_PRODUCTS_DIR; };
		3355D56918EF482000FFC3E6 /* Foundation.framework */ = {isa = PBXFileReference; lastKnownFileType = wrapper.framework; name = Foundation.framework; path = System/Library/Frameworks/Foundation.framework; sourceTree = SDKROOT; };
		3355D56B18EF482000FFC3E6 /* CoreGraphics.framework */ = {isa = PBXFileReference; lastKnownFileType = wrapper.framework; name = CoreGraphics.framework; path = System/Library/Frameworks/CoreGraphics.framework; sourceTree = SDKROOT; };
		3355D56D18EF482000FFC3E6 /* UIKit.framework */ = {isa = PBXFileReference; lastKnownFileType = wrapper.framework; name = UIKit.framework; path = System/Library/Frameworks/UIKit.framework; sourceTree = SDKROOT; };
		3355D57118EF482000FFC3E6 /* FBWeek2Nib-Info.plist */ = {isa = PBXFileReference; lastKnownFileType = text.plist.xml; path = "FBWeek2Nib-Info.plist"; sourceTree = "<group>"; };
		3355D57318EF482000FFC3E6 /* en */ = {isa = PBXFileReference; lastKnownFileType = text.plist.strings; name = en; path = en.lproj/InfoPlist.strings; sourceTree = "<group>"; };
		3355D57518EF482000FFC3E6 /* main.m */ = {isa = PBXFileReference; lastKnownFileType = sourcecode.c.objc; path = main.m; sourceTree = "<group>"; };
		3355D57718EF482000FFC3E6 /* FBWeek2Nib-Prefix.pch */ = {isa = PBXFileReference; lastKnownFileType = sourcecode.c.h; path = "FBWeek2Nib-Prefix.pch"; sourceTree = "<group>"; };
		3355D57818EF482000FFC3E6 /* AppDelegate.h */ = {isa = PBXFileReference; lastKnownFileType = sourcecode.c.h; path = AppDelegate.h; sourceTree = "<group>"; };
		3355D57918EF482000FFC3E6 /* AppDelegate.m */ = {isa = PBXFileReference; lastKnownFileType = sourcecode.c.objc; path = AppDelegate.m; sourceTree = "<group>"; };
		3355D57B18EF482000FFC3E6 /* Images.xcassets */ = {isa = PBXFileReference; lastKnownFileType = folder.assetcatalog; path = Images.xcassets; sourceTree = "<group>"; };
		3355D58118EF482000FFC3E6 /* FBWeek2NibTests.xctest */ = {isa = PBXFileReference; explicitFileType = wrapper.cfbundle; includeInIndex = 0; path = FBWeek2NibTests.xctest; sourceTree = BUILT_PRODUCTS_DIR; };
		3355D58218EF482000FFC3E6 /* XCTest.framework */ = {isa = PBXFileReference; lastKnownFileType = wrapper.framework; name = XCTest.framework; path = Library/Frameworks/XCTest.framework; sourceTree = DEVELOPER_DIR; };
		3355D58A18EF482000FFC3E6 /* FBWeek2NibTests-Info.plist */ = {isa = PBXFileReference; lastKnownFileType = text.plist.xml; path = "FBWeek2NibTests-Info.plist"; sourceTree = "<group>"; };
		3355D58C18EF482000FFC3E6 /* en */ = {isa = PBXFileReference; lastKnownFileType = text.plist.strings; name = en; path = en.lproj/InfoPlist.strings; sourceTree = "<group>"; };
		3355D58E18EF482000FFC3E6 /* FBWeek2NibTests.m */ = {isa = PBXFileReference; lastKnownFileType = sourcecode.c.objc; path = FBWeek2NibTests.m; sourceTree = "<group>"; };
		3355D59818EF486100FFC3E6 /* LoginViewController.h */ = {isa = PBXFileReference; fileEncoding = 4; lastKnownFileType = sourcecode.c.h; path = LoginViewController.h; sourceTree = "<group>"; };
		3355D59918EF486100FFC3E6 /* LoginViewController.m */ = {isa = PBXFileReference; fileEncoding = 4; lastKnownFileType = sourcecode.c.objc; path = LoginViewController.m; sourceTree = "<group>"; };
		3355D59A18EF486100FFC3E6 /* LoginViewController.xib */ = {isa = PBXFileReference; fileEncoding = 4; lastKnownFileType = file.xib; path = LoginViewController.xib; sourceTree = "<group>"; };
		33E35E0118F0D2CB00AABF5F /* FeedViewController.h */ = {isa = PBXFileReference; fileEncoding = 4; lastKnownFileType = sourcecode.c.h; path = FeedViewController.h; sourceTree = "<group>"; };
		33E35E0218F0D2CB00AABF5F /* FeedViewController.m */ = {isa = PBXFileReference; fileEncoding = 4; lastKnownFileType = sourcecode.c.objc; path = FeedViewController.m; sourceTree = "<group>"; };
		33E35E0318F0D2CB00AABF5F /* FeedViewController.xib */ = {isa = PBXFileReference; fileEncoding = 4; lastKnownFileType = file.xib; path = FeedViewController.xib; sourceTree = "<group>"; };
		33E35E0618F3425300AABF5F /* ModalViewController.h */ = {isa = PBXFileReference; fileEncoding = 4; lastKnownFileType = sourcecode.c.h; path = ModalViewController.h; sourceTree = "<group>"; };
		33E35E0718F3425300AABF5F /* ModalViewController.m */ = {isa = PBXFileReference; fileEncoding = 4; lastKnownFileType = sourcecode.c.objc; path = ModalViewController.m; sourceTree = "<group>"; };
		33E35E0818F3425300AABF5F /* ModalViewController.xib */ = {isa = PBXFileReference; fileEncoding = 4; lastKnownFileType = file.xib; path = ModalViewController.xib; sourceTree = "<group>"; };
		33E35E0B18F35A2B00AABF5F /* ProfileViewController.h */ = {isa = PBXFileReference; fileEncoding = 4; lastKnownFileType = sourcecode.c.h; path = ProfileViewController.h; sourceTree = "<group>"; };
		33E35E0C18F35A2B00AABF5F /* ProfileViewController.m */ = {isa = PBXFileReference; fileEncoding = 4; lastKnownFileType = sourcecode.c.objc; path = ProfileViewController.m; sourceTree = "<group>"; };
		33E35E0D18F35A2B00AABF5F /* ProfileViewController.xib */ = {isa = PBXFileReference; fileEncoding = 4; lastKnownFileType = file.xib; path = ProfileViewController.xib; sourceTree = "<group>"; };
/* End PBXFileReference section */

/* Begin PBXFrameworksBuildPhase section */
		3355D56318EF482000FFC3E6 /* Frameworks */ = {
			isa = PBXFrameworksBuildPhase;
			buildActionMask = 2147483647;
			files = (
				3355D56C18EF482000FFC3E6 /* CoreGraphics.framework in Frameworks */,
				3355D56E18EF482000FFC3E6 /* UIKit.framework in Frameworks */,
				3355D56A18EF482000FFC3E6 /* Foundation.framework in Frameworks */,
			);
			runOnlyForDeploymentPostprocessing = 0;
		};
		3355D57E18EF482000FFC3E6 /* Frameworks */ = {
			isa = PBXFrameworksBuildPhase;
			buildActionMask = 2147483647;
			files = (
				3355D58318EF482000FFC3E6 /* XCTest.framework in Frameworks */,
				3355D58518EF482000FFC3E6 /* UIKit.framework in Frameworks */,
				3355D58418EF482000FFC3E6 /* Foundation.framework in Frameworks */,
			);
			runOnlyForDeploymentPostprocessing = 0;
		};
/* End PBXFrameworksBuildPhase section */

/* Begin PBXGroup section */
		3355D55D18EF482000FFC3E6 = {
			isa = PBXGroup;
			children = (
				3355D56F18EF482000FFC3E6 /* FBWeek2Nib */,
				3355D58818EF482000FFC3E6 /* FBWeek2NibTests */,
				3355D56818EF482000FFC3E6 /* Frameworks */,
				3355D56718EF482000FFC3E6 /* Products */,
			);
			sourceTree = "<group>";
		};
		3355D56718EF482000FFC3E6 /* Products */ = {
			isa = PBXGroup;
			children = (
				3355D56618EF482000FFC3E6 /* FBWeek2Nib.app */,
				3355D58118EF482000FFC3E6 /* FBWeek2NibTests.xctest */,
			);
			name = Products;
			sourceTree = "<group>";
		};
		3355D56818EF482000FFC3E6 /* Frameworks */ = {
			isa = PBXGroup;
			children = (
				3355D56918EF482000FFC3E6 /* Foundation.framework */,
				3355D56B18EF482000FFC3E6 /* CoreGraphics.framework */,
				3355D56D18EF482000FFC3E6 /* UIKit.framework */,
				3355D58218EF482000FFC3E6 /* XCTest.framework */,
			);
			name = Frameworks;
			sourceTree = "<group>";
		};
		3355D56F18EF482000FFC3E6 /* FBWeek2Nib */ = {
			isa = PBXGroup;
			children = (
				3355D57818EF482000FFC3E6 /* AppDelegate.h */,
				3355D57918EF482000FFC3E6 /* AppDelegate.m */,
				3355D57B18EF482000FFC3E6 /* Images.xcassets */,
				3355D57018EF482000FFC3E6 /* Supporting Files */,
				3355D59818EF486100FFC3E6 /* LoginViewController.h */,
				3355D59918EF486100FFC3E6 /* LoginViewController.m */,
				3355D59A18EF486100FFC3E6 /* LoginViewController.xib */,
				33E35E0118F0D2CB00AABF5F /* FeedViewController.h */,
				33E35E0218F0D2CB00AABF5F /* FeedViewController.m */,
				33E35E0318F0D2CB00AABF5F /* FeedViewController.xib */,
				33E35E0618F3425300AABF5F /* ModalViewController.h */,
				33E35E0718F3425300AABF5F /* ModalViewController.m */,
				33E35E0818F3425300AABF5F /* ModalViewController.xib */,
				33E35E0B18F35A2B00AABF5F /* ProfileViewController.h */,
				33E35E0C18F35A2B00AABF5F /* ProfileViewController.m */,
				33E35E0D18F35A2B00AABF5F /* ProfileViewController.xib */,
			);
			path = FBWeek2Nib;
			sourceTree = "<group>";
		};
		3355D57018EF482000FFC3E6 /* Supporting Files */ = {
			isa = PBXGroup;
			children = (
				3355D57118EF482000FFC3E6 /* FBWeek2Nib-Info.plist */,
				3355D57218EF482000FFC3E6 /* InfoPlist.strings */,
				3355D57518EF482000FFC3E6 /* main.m */,
				3355D57718EF482000FFC3E6 /* FBWeek2Nib-Prefix.pch */,
			);
			name = "Supporting Files";
			sourceTree = "<group>";
		};
		3355D58818EF482000FFC3E6 /* FBWeek2NibTests */ = {
			isa = PBXGroup;
			children = (
				3355D58E18EF482000FFC3E6 /* FBWeek2NibTests.m */,
				3355D58918EF482000FFC3E6 /* Supporting Files */,
			);
			path = FBWeek2NibTests;
			sourceTree = "<group>";
		};
		3355D58918EF482000FFC3E6 /* Supporting Files */ = {
			isa = PBXGroup;
			children = (
				3355D58A18EF482000FFC3E6 /* FBWeek2NibTests-Info.plist */,
				3355D58B18EF482000FFC3E6 /* InfoPlist.strings */,
			);
			name = "Supporting Files";
			sourceTree = "<group>";
		};
/* End PBXGroup section */

/* Begin PBXNativeTarget section */
		3355D56518EF482000FFC3E6 /* FBWeek2Nib */ = {
			isa = PBXNativeTarget;
			buildConfigurationList = 3355D59218EF482000FFC3E6 /* Build configuration list for PBXNativeTarget "FBWeek2Nib" */;
			buildPhases = (
				3355D56218EF482000FFC3E6 /* Sources */,
				3355D56318EF482000FFC3E6 /* Frameworks */,
				3355D56418EF482000FFC3E6 /* Resources */,
			);
			buildRules = (
			);
			dependencies = (
			);
			name = FBWeek2Nib;
			productName = FBWeek2Nib;
			productReference = 3355D56618EF482000FFC3E6 /* FBWeek2Nib.app */;
			productType = "com.apple.product-type.application";
		};
		3355D58018EF482000FFC3E6 /* FBWeek2NibTests */ = {
			isa = PBXNativeTarget;
			buildConfigurationList = 3355D59518EF482000FFC3E6 /* Build configuration list for PBXNativeTarget "FBWeek2NibTests" */;
			buildPhases = (
				3355D57D18EF482000FFC3E6 /* Sources */,
				3355D57E18EF482000FFC3E6 /* Frameworks */,
				3355D57F18EF482000FFC3E6 /* Resources */,
			);
			buildRules = (
			);
			dependencies = (
				3355D58718EF482000FFC3E6 /* PBXTargetDependency */,
			);
			name = FBWeek2NibTests;
			productName = FBWeek2NibTests;
			productReference = 3355D58118EF482000FFC3E6 /* FBWeek2NibTests.xctest */;
			productType = "com.apple.product-type.bundle.unit-test";
		};
/* End PBXNativeTarget section */

/* Begin PBXProject section */
		3355D55E18EF482000FFC3E6 /* Project object */ = {
			isa = PBXProject;
			attributes = {
				LastUpgradeCheck = 0510;
				ORGANIZATIONNAME = yoshyosh;
				TargetAttributes = {
					3355D58018EF482000FFC3E6 = {
						TestTargetID = 3355D56518EF482000FFC3E6;
					};
				};
			};
			buildConfigurationList = 3355D56118EF482000FFC3E6 /* Build configuration list for PBXProject "FBWeek2Nib" */;
			compatibilityVersion = "Xcode 3.2";
			developmentRegion = English;
			hasScannedForEncodings = 0;
			knownRegions = (
				en,
			);
			mainGroup = 3355D55D18EF482000FFC3E6;
			productRefGroup = 3355D56718EF482000FFC3E6 /* Products */;
			projectDirPath = "";
			projectRoot = "";
			targets = (
				3355D56518EF482000FFC3E6 /* FBWeek2Nib */,
				3355D58018EF482000FFC3E6 /* FBWeek2NibTests */,
			);
		};
/* End PBXProject section */

/* Begin PBXResourcesBuildPhase section */
		3355D56418EF482000FFC3E6 /* Resources */ = {
			isa = PBXResourcesBuildPhase;
			buildActionMask = 2147483647;
			files = (
				33E35E0F18F35A2B00AABF5F /* ProfileViewController.xib in Resources */,
				3355D57418EF482000FFC3E6 /* InfoPlist.strings in Resources */,
				33E35E0A18F3425300AABF5F /* ModalViewController.xib in Resources */,
				3355D57C18EF482000FFC3E6 /* Images.xcassets in Resources */,
				33E35E0518F0D2CB00AABF5F /* FeedViewController.xib in Resources */,
				3355D59C18EF486100FFC3E6 /* LoginViewController.xib in Resources */,
			);
			runOnlyForDeploymentPostprocessing = 0;
		};
		3355D57F18EF482000FFC3E6 /* Resources */ = {
			isa = PBXResourcesBuildPhase;
			buildActionMask = 2147483647;
			files = (
				3355D58D18EF482000FFC3E6 /* InfoPlist.strings in Resources */,
			);
			runOnlyForDeploymentPostprocessing = 0;
		};
/* End PBXResourcesBuildPhase section */

/* Begin PBXSourcesBuildPhase section */
		3355D56218EF482000FFC3E6 /* Sources */ = {
			isa = PBXSourcesBuildPhase;
			buildActionMask = 2147483647;
			files = (
				3355D57A18EF482000FFC3E6 /* AppDelegate.m in Sources */,
				3355D57618EF482000FFC3E6 /* main.m in Sources */,
				33E35E0918F3425300AABF5F /* ModalViewController.m in Sources */,
				33E35E0418F0D2CB00AABF5F /* FeedViewController.m in Sources */,
				33E35E0E18F35A2B00AABF5F /* ProfileViewController.m in Sources */,
				3355D59B18EF486100FFC3E6 /* LoginViewController.m in Sources */,
			);
			runOnlyForDeploymentPostprocessing = 0;
		};
		3355D57D18EF482000FFC3E6 /* Sources */ = {
			isa = PBXSourcesBuildPhase;
			buildActionMask = 2147483647;
			files = (
				3355D58F18EF482000FFC3E6 /* FBWeek2NibTests.m in Sources */,
			);
			runOnlyForDeploymentPostprocessing = 0;
		};
/* End PBXSourcesBuildPhase section */

/* Begin PBXTargetDependency section */
		3355D58718EF482000FFC3E6 /* PBXTargetDependency */ = {
			isa = PBXTargetDependency;
			target = 3355D56518EF482000FFC3E6 /* FBWeek2Nib */;
			targetProxy = 3355D58618EF482000FFC3E6 /* PBXContainerItemProxy */;
		};
/* End PBXTargetDependency section */

/* Begin PBXVariantGroup section */
		3355D57218EF482000FFC3E6 /* InfoPlist.strings */ = {
			isa = PBXVariantGroup;
			children = (
				3355D57318EF482000FFC3E6 /* en */,
			);
			name = InfoPlist.strings;
			sourceTree = "<group>";
		};
		3355D58B18EF482000FFC3E6 /* InfoPlist.strings */ = {
			isa = PBXVariantGroup;
			children = (
				3355D58C18EF482000FFC3E6 /* en */,
			);
			name = InfoPlist.strings;
			sourceTree = "<group>";
		};
/* End PBXVariantGroup section */

/* Begin XCBuildConfiguration section */
		3355D59018EF482000FFC3E6 /* Debug */ = {
			isa = XCBuildConfiguration;
			buildSettings = {
				ALWAYS_SEARCH_USER_PATHS = NO;
				CLANG_CXX_LANGUAGE_STANDARD = "gnu++0x";
				CLANG_CXX_LIBRARY = "libc++";
				CLANG_ENABLE_MODULES = YES;
				CLANG_ENABLE_OBJC_ARC = YES;
				CLANG_WARN_BOOL_CONVERSION = YES;
				CLANG_WARN_CONSTANT_CONVERSION = YES;
				CLANG_WARN_DIRECT_OBJC_ISA_USAGE = YES_ERROR;
				CLANG_WARN_EMPTY_BODY = YES;
				CLANG_WARN_ENUM_CONVERSION = YES;
				CLANG_WARN_INT_CONVERSION = YES;
				CLANG_WARN_OBJC_ROOT_CLASS = YES_ERROR;
				CLANG_WARN__DUPLICATE_METHOD_MATCH = YES;
				"CODE_SIGN_IDENTITY[sdk=iphoneos*]" = "iPhone Developer";
				COPY_PHASE_STRIP = NO;
				GCC_C_LANGUAGE_STANDARD = gnu99;
				GCC_DYNAMIC_NO_PIC = NO;
				GCC_OPTIMIZATION_LEVEL = 0;
				GCC_PREPROCESSOR_DEFINITIONS = (
					"DEBUG=1",
					"$(inherited)",
				);
				GCC_SYMBOLS_PRIVATE_EXTERN = NO;
				GCC_WARN_64_TO_32_BIT_CONVERSION = YES;
				GCC_WARN_ABOUT_RETURN_TYPE = YES_ERROR;
				GCC_WARN_UNDECLARED_SELECTOR = YES;
				GCC_WARN_UNINITIALIZED_AUTOS = YES_AGGRESSIVE;
				GCC_WARN_UNUSED_FUNCTION = YES;
				GCC_WARN_UNUSED_VARIABLE = YES;
				IPHONEOS_DEPLOYMENT_TARGET = 7.1;
				ONLY_ACTIVE_ARCH = YES;
				SDKROOT = iphoneos;
			};
			name = Debug;
		};
		3355D59118EF482000FFC3E6 /* Release */ = {
			isa = XCBuildConfiguration;
			buildSettings = {
				ALWAYS_SEARCH_USER_PATHS = NO;
				CLANG_CXX_LANGUAGE_STANDARD = "gnu++0x";
				CLANG_CXX_LIBRARY = "libc++";
				CLANG_ENABLE_MODULES = YES;
				CLANG_ENABLE_OBJC_ARC = YES;
				CLANG_WARN_BOOL_CONVERSION = YES;
				CLANG_WARN_CONSTANT_CONVERSION = YES;
				CLANG_WARN_DIRECT_OBJC_ISA_USAGE = YES_ERROR;
				CLANG_WARN_EMPTY_BODY = YES;
				CLANG_WARN_ENUM_CONVERSION = YES;
				CLANG_WARN_INT_CONVERSION = YES;
				CLANG_WARN_OBJC_ROOT_CLASS = YES_ERROR;
				CLANG_WARN__DUPLICATE_METHOD_MATCH = YES;
				"CODE_SIGN_IDENTITY[sdk=iphoneos*]" = "iPhone Developer";
				COPY_PHASE_STRIP = YES;
				ENABLE_NS_ASSERTIONS = NO;
				GCC_C_LANGUAGE_STANDARD = gnu99;
				GCC_WARN_64_TO_32_BIT_CONVERSION = YES;
				GCC_WARN_ABOUT_RETURN_TYPE = YES_ERROR;
				GCC_WARN_UNDECLARED_SELECTOR = YES;
				GCC_WARN_UNINITIALIZED_AUTOS = YES_AGGRESSIVE;
				GCC_WARN_UNUSED_FUNCTION = YES;
				GCC_WARN_UNUSED_VARIABLE = YES;
				IPHONEOS_DEPLOYMENT_TARGET = 7.1;
				SDKROOT = iphoneos;
				VALIDATE_PRODUCT = YES;
			};
			name = Release;
		};
		3355D59318EF482000FFC3E6 /* Debug */ = {
			isa = XCBuildConfiguration;
			buildSettings = {
				ASSETCATALOG_COMPILER_APPICON_NAME = AppIcon;
				ASSETCATALOG_COMPILER_LAUNCHIMAGE_NAME = LaunchImage;
				GCC_PRECOMPILE_PREFIX_HEADER = YES;
				GCC_PREFIX_HEADER = "FBWeek2Nib/FBWeek2Nib-Prefix.pch";
				INFOPLIST_FILE = "FBWeek2Nib/FBWeek2Nib-Info.plist";
				PRODUCT_NAME = "$(TARGET_NAME)";
				WRAPPER_EXTENSION = app;
			};
			name = Debug;
		};
		3355D59418EF482000FFC3E6 /* Release */ = {
			isa = XCBuildConfiguration;
			buildSettings = {
				ASSETCATALOG_COMPILER_APPICON_NAME = AppIcon;
				ASSETCATALOG_COMPILER_LAUNCHIMAGE_NAME = LaunchImage;
				GCC_PRECOMPILE_PREFIX_HEADER = YES;
				GCC_PREFIX_HEADER = "FBWeek2Nib/FBWeek2Nib-Prefix.pch";
				INFOPLIST_FILE = "FBWeek2Nib/FBWeek2Nib-Info.plist";
				PRODUCT_NAME = "$(TARGET_NAME)";
				WRAPPER_EXTENSION = app;
			};
			name = Release;
		};
		3355D59618EF482000FFC3E6 /* Debug */ = {
			isa = XCBuildConfiguration;
			buildSettings = {
				BUNDLE_LOADER = "$(BUILT_PRODUCTS_DIR)/FBWeek2Nib.app/FBWeek2Nib";
				FRAMEWORK_SEARCH_PATHS = (
					"$(SDKROOT)/Developer/Library/Frameworks",
					"$(inherited)",
					"$(DEVELOPER_FRAMEWORKS_DIR)",
				);
				GCC_PRECOMPILE_PREFIX_HEADER = YES;
				GCC_PREFIX_HEADER = "FBWeek2Nib/FBWeek2Nib-Prefix.pch";
				GCC_PREPROCESSOR_DEFINITIONS = (
					"DEBUG=1",
					"$(inherited)",
				);
				INFOPLIST_FILE = "FBWeek2NibTests/FBWeek2NibTests-Info.plist";
				PRODUCT_NAME = "$(TARGET_NAME)";
				TEST_HOST = "$(BUNDLE_LOADER)";
				WRAPPER_EXTENSION = xctest;
			};
			name = Debug;
		};
		3355D59718EF482000FFC3E6 /* Release */ = {
			isa = XCBuildConfiguration;
			buildSettings = {
				BUNDLE_LOADER = "$(BUILT_PRODUCTS_DIR)/FBWeek2Nib.app/FBWeek2Nib";
				FRAMEWORK_SEARCH_PATHS = (
					"$(SDKROOT)/Developer/Library/Frameworks",
					"$(inherited)",
					"$(DEVELOPER_FRAMEWORKS_DIR)",
				);
				GCC_PRECOMPILE_PREFIX_HEADER = YES;
				GCC_PREFIX_HEADER = "FBWeek2Nib/FBWeek2Nib-Prefix.pch";
				INFOPLIST_FILE = "FBWeek2NibTests/FBWeek2NibTests-Info.plist";
				PRODUCT_NAME = "$(TARGET_NAME)";
				TEST_HOST = "$(BUNDLE_LOADER)";
				WRAPPER_EXTENSION = xctest;
			};
			name = Release;
		};
/* End XCBuildConfiguration section */

/* Begin XCConfigurationList section */
		3355D56118EF482000FFC3E6 /* Build configuration list for PBXProject "FBWeek2Nib" */ = {
			isa = XCConfigurationList;
			buildConfigurations = (
				3355D59018EF482000FFC3E6 /* Debug */,
				3355D59118EF482000FFC3E6 /* Release */,
			);
			defaultConfigurationIsVisible = 0;
			defaultConfigurationName = Release;
		};
		3355D59218EF482000FFC3E6 /* Build configuration list for PBXNativeTarget "FBWeek2Nib" */ = {
			isa = XCConfigurationList;
			buildConfigurations = (
				3355D59318EF482000FFC3E6 /* Debug */,
				3355D59418EF482000FFC3E6 /* Release */,
			);
			defaultConfigurationIsVisible = 0;
			defaultConfigurationName = Release;
		};
		3355D59518EF482000FFC3E6 /* Build configuration list for PBXNativeTarget "FBWeek2NibTests" */ = {
			isa = XCConfigurationList;
			buildConfigurations = (
				3355D59618EF482000FFC3E6 /* Debug */,
				3355D59718EF482000FFC3E6 /* Release */,
			);
			defaultConfigurationIsVisible = 0;
			defaultConfigurationName = Release;
		};
/* End XCConfigurationList section */
	};
	rootObject = 3355D55E18EF482000FFC3E6 /* Project object */;
}
